
Microsoft Visual Studio Solution File, Format Version 12.00
# Visual Studio 15
VisualStudioVersion = 15.0.27004.2002
MinimumVisualStudioVersion = 10.0.40219.1
Project("{FAE04EC0-301F-11D3-BF4B-00C04F79EFBC}") = "WebApplication2", "WebApplication2\WebApplication2.csproj", "{D813F9F3-70BF-485C-BDA7-8BC0059377B2}"
EndProject
Global
	GlobalSection(SolutionConfigurationPlatforms) = preSolution
		Debug|Any CPU = Debug|Any CPU
		Release|Any CPU = Release|Any CPU
	EndGlobalSection
	GlobalSection(ProjectConfigurationPlatforms) = postSolution
		{D813F9F3-70BF-485C-BDA7-8BC0059377B2}.Debug|Any CPU.ActiveCfg = Debug|Any CPU
		{D813F9F3-70BF-485C-BDA7-8BC0059377B2}.Debug|Any CPU.Build.0 = Debug|Any CPU
		{D813F9F3-70BF-485C-BDA7-8BC0059377B2}.Release|Any CPU.ActiveCfg = Release|Any CPU
		{D813F9F3-70BF-485C-BDA7-8BC0059377B2}.Release|Any CPU.Build.0 = Release|Any CPU
	EndGlobalSection
	GlobalSection(SolutionProperties) = preSolution
		HideSolutionNode = FALSE
	EndGlobalSection
	GlobalSection(ExtensibilityGlobals) = postSolution
		SolutionGuid = {1815EC0D-A7CC-4281-BEAC-81121F6FCBF4}
	EndGlobalSection
EndGlobal
